
Microsoft Visual Studio Solution File, Format Version 12.00
# Visual Studio Version 17
VisualStudioVersion = 17.14.36221.1 d17.14
MinimumVisualStudioVersion = 10.0.40219.1
Project("{FAE04EC0-301F-11D3-BF4B-00C04F79EFBC}") = "CustomerCommLib", "CustomerCommLib.csproj", "{531F64F5-BF2A-429C-B0EA-E7A61FC6A8C0}"
EndProject
Project("{FAE04EC0-301F-11D3-BF4B-00C04F79EFBC}") = "CustomerComm.Tests1", "..\CustomerComm.Tests1\CustomerComm.Tests1.csproj", "{36858569-B402-47FC-89A1-C466B7176BCC}"
EndProject
Global
	GlobalSection(SolutionConfigurationPlatforms) = preSolution
		Debug|Any CPU = Debug|Any CPU
		Release|Any CPU = Release|Any CPU
	EndGlobalSection
	GlobalSection(ProjectConfigurationPlatforms) = postSolution
		{531F64F5-BF2A-429C-B0EA-E7A61FC6A8C0}.Debug|Any CPU.ActiveCfg = Debug|Any CPU
		{531F64F5-BF2A-429C-B0EA-E7A61FC6A8C0}.Debug|Any CPU.Build.0 = Debug|Any CPU
		{531F64F5-BF2A-429C-B0EA-E7A61FC6A8C0}.Release|Any CPU.ActiveCfg = Release|Any CPU
		{531F64F5-BF2A-429C-B0EA-E7A61FC6A8C0}.Release|Any CPU.Build.0 = Release|Any CPU
		{36858569-B402-47FC-89A1-C466B7176BCC}.Debug|Any CPU.ActiveCfg = Debug|Any CPU
		{36858569-B402-47FC-89A1-C466B7176BCC}.Debug|Any CPU.Build.0 = Debug|Any CPU
		{36858569-B402-47FC-89A1-C466B7176BCC}.Release|Any CPU.ActiveCfg = Release|Any CPU
		{36858569-B402-47FC-89A1-C466B7176BCC}.Release|Any CPU.Build.0 = Release|Any CPU
	EndGlobalSection
	GlobalSection(SolutionProperties) = preSolution
		HideSolutionNode = FALSE
	EndGlobalSection
	GlobalSection(ExtensibilityGlobals) = postSolution
		SolutionGuid = {9E9CDF32-1ECD-44D6-A422-760A6995A4E6}
	EndGlobalSection
EndGlobal
